{
  "name": "gcsi-projeto",
  "version": "1.0.0",
  "lockfileVersion": 3,
  "requires": true,
  "author": "",
  "description": "Um projeto básico de servidor Node.js",
  "license": "ISC",
  "main": "server.js",
  "packages": {
    "": {
      "name": "gcsi-projeto",
      "version": "1.0.0",
      "license": "ISC",
      "dependencies": {
        "gcsi-projeto": "file:"
      }
    },
    "node_modules/gcsi-projeto": {
      "resolved": "",
      "link": true
    }
  },
  "scripts": {
    "start": "node server.js"
  }
}
